
Microsoft Visual Studio Solution File, Format Version 12.00
# Visual Studio 14
VisualStudioVersion = 14.0.25420.1
MinimumVisualStudioVersion = 10.0.40219.1
Project("{FAE04EC0-301F-11D3-BF4B-00C04F79EFBC}") = "BlogMentor", "BlogMentor\BlogMentor.csproj", "{03DE95F6-29CB-437B-9B1E-3DFA83FE05AA}"
EndProject
Project("{FAE04EC0-301F-11D3-BF4B-00C04F79EFBC}") = "MyUnitTestProject", "MyUnitTestProject\MyUnitTestProject.csproj", "{2BA782BF-0C4F-4211-85AF-802EF0695CFF}"
EndProject
Project("{FAE04EC0-301F-11D3-BF4B-00C04F79EFBC}") = "BlogMentorTests", "BlogMentorTests\BlogMentorTests.csproj", "{3A6158CB-2CB1-4F76-95B6-D6F7B1F41871}"
EndProject
Global
	GlobalSection(SolutionConfigurationPlatforms) = preSolution
		Debug|Any CPU = Debug|Any CPU
		Release|Any CPU = Release|Any CPU
	EndGlobalSection
	GlobalSection(ProjectConfigurationPlatforms) = postSolution
		{03DE95F6-29CB-437B-9B1E-3DFA83FE05AA}.Debug|Any CPU.ActiveCfg = Debug|Any CPU
		{03DE95F6-29CB-437B-9B1E-3DFA83FE05AA}.Debug|Any CPU.Build.0 = Debug|Any CPU
		{03DE95F6-29CB-437B-9B1E-3DFA83FE05AA}.Release|Any CPU.ActiveCfg = Release|Any CPU
		{03DE95F6-29CB-437B-9B1E-3DFA83FE05AA}.Release|Any CPU.Build.0 = Release|Any CPU
		{2BA782BF-0C4F-4211-85AF-802EF0695CFF}.Debug|Any CPU.ActiveCfg = Debug|Any CPU
		{2BA782BF-0C4F-4211-85AF-802EF0695CFF}.Debug|Any CPU.Build.0 = Debug|Any CPU
		{2BA782BF-0C4F-4211-85AF-802EF0695CFF}.Release|Any CPU.ActiveCfg = Release|Any CPU
		{2BA782BF-0C4F-4211-85AF-802EF0695CFF}.Release|Any CPU.Build.0 = Release|Any CPU
		{3A6158CB-2CB1-4F76-95B6-D6F7B1F41871}.Debug|Any CPU.ActiveCfg = Debug|Any CPU
		{3A6158CB-2CB1-4F76-95B6-D6F7B1F41871}.Debug|Any CPU.Build.0 = Debug|Any CPU
		{3A6158CB-2CB1-4F76-95B6-D6F7B1F41871}.Release|Any CPU.ActiveCfg = Release|Any CPU
		{3A6158CB-2CB1-4F76-95B6-D6F7B1F41871}.Release|Any CPU.Build.0 = Release|Any CPU
	EndGlobalSection
	GlobalSection(SolutionProperties) = preSolution
		HideSolutionNode = FALSE
	EndGlobalSection
EndGlobal
